
Microsoft Visual Studio Solution File, Format Version 12.00
# Visual Studio Version 17
VisualStudioVersion = 17.1.32421.90
MinimumVisualStudioVersion = 10.0.40219.1
Project("{FAE04EC0-301F-11D3-BF4B-00C04F79EFBC}") = "OOPsReview", "OOPsReview\OOPsReview.csproj", "{9C78039A-00B6-418A-B852-E867F313119F}"
EndProject
Global
	GlobalSection(SolutionConfigurationPlatforms) = preSolution
		Debug|Any CPU = Debug|Any CPU
		Release|Any CPU = Release|Any CPU
	EndGlobalSection
	GlobalSection(ProjectConfigurationPlatforms) = postSolution
		{9C78039A-00B6-418A-B852-E867F313119F}.Debug|Any CPU.ActiveCfg = Debug|Any CPU
		{9C78039A-00B6-418A-B852-E867F313119F}.Debug|Any CPU.Build.0 = Debug|Any CPU
		{9C78039A-00B6-418A-B852-E867F313119F}.Release|Any CPU.ActiveCfg = Release|Any CPU
		{9C78039A-00B6-418A-B852-E867F313119F}.Release|Any CPU.Build.0 = Release|Any CPU
	EndGlobalSection
	GlobalSection(SolutionProperties) = preSolution
		HideSolutionNode = FALSE
	EndGlobalSection
	GlobalSection(ExtensibilityGlobals) = postSolution
		SolutionGuid = {FE318149-C056-4A20-9B3D-C36C7A83D240}
	EndGlobalSection
EndGlobal
